# THIS IS AN AUTOGENERATED FILE. DO NOT EDIT THIS FILE DIRECTLY.
# yarn lockfile v1


"@babel/runtime@^7.1.2":
  version "7.18.6"
  resolved "https://registry.yarnpkg.com/@babel/runtime/-/runtime-7.18.6.tgz#6a1ef59f838debd670421f8c7f2cbb8da9751580"
  integrity sha512-t9wi7/AW6XtKahAe20Yw0/mMljKq0B1r2fPdvaAdV/KPDZewFXdaaa6K7lxmZBZ8FBNpCiAT6iHPmd6QO9bKfQ==
  dependencies:
    regenerator-runtime "^0.13.4"

"@emotion/hash@^0.8.0":
  version "0.8.0"
  resolved "https://registry.yarnpkg.com/@emotion/hash/-/hash-0.8.0.tgz#bbbff68978fefdbe68ccb533bc8cbe1d1afb5413"
  integrity sha512-kBJtf7PH6aWwZ6fka3zQ0p6SBYzx4fl1LoZXE2RrnYST9Xljm7WfKJrU4g/Xr3Beg72MLrp1AWNUmuYJTL7Cow==

"@fluentui/keyboard-keys@9.0.0-rc.6":
  version "9.0.0-rc.6"
  resolved "https://registry.yarnpkg.com/@fluentui/keyboard-keys/-/keyboard-keys-9.0.0-rc.6.tgz#00e26da66676c83d85e8c027d05979b37d3bc305"
  integrity sha512-YQ7Zf2V0kvLNs27jPbd9+ii30yQQgqN44aaliEdlIXcGXk76Fvb2eEBkvKd9mk8tVbCeVRpgNJOsZKAocIqm3w==
  dependencies:
    tslib "^2.1.0"

"@fluentui/react-aria@9.0.0-rc.9":
  version "9.0.0-rc.9"
  resolved "https://registry.yarnpkg.com/@fluentui/react-aria/-/react-aria-9.0.0-rc.9.tgz#000cd71c107dcde4361a6697c2466a421e7311fe"
  integrity sha512-2epQVAPMueCFEW0i/YP1ncvaWpOK520edZW+ITRvZ1FIdLVLoA+R3u7hbd/RMqeMS/YeFSChUfY/shUvpmmP+w==
  dependencies:
    "@fluentui/keyboard-keys" "9.0.0-rc.6"
    "@fluentui/react-utilities" "9.0.0-rc.9"
    tslib "^2.1.0"

"@fluentui/react-avatar@9.0.0-rc.10":
  version "9.0.0-rc.10"
  resolved "https://registry.yarnpkg.com/@fluentui/react-avatar/-/react-avatar-9.0.0-rc.10.tgz#ec7e793dce4931b3fb0012a21485884ee3d0c2c9"
  integrity sha512-GQqJMhxS4RD/ZcfOv21Hvd/Q3ieTZEU7NanOpZNatzSPnXJFd4BiPFfCkC4/U2cb5y3DXCOolv2kukH/QRR40g==
  dependencies:
    "@fluentui/react-badge" "9.0.0-rc.10"
    "@fluentui/react-button" "9.0.0-rc.11"
    "@fluentui/react-icons" "^2.0.166-rc.3"
    "@fluentui/react-popover" "9.0.0-rc.11"
    "@fluentui/react-shared-contexts" "9.0.0-rc.9"
    "@fluentui/react-theme" "9.0.0-rc.9"
    "@fluentui/react-tooltip" "9.0.0-rc.11"
    "@fluentui/react-utilities" "9.0.0-rc.9"
    "@griffel/react" "1.0.5"
    tslib "^2.1.0"

"@fluentui/react-badge@9.0.0-rc.10":
  version "9.0.0-rc.10"
  resolved "https://registry.yarnpkg.com/@fluentui/react-badge/-/react-badge-9.0.0-rc.10.tgz#d1dbf4fc210865696ce9c55085ab78d77f0957b0"
  integrity sha512-4mM6L1YHN8xMTBYRjZKfeUxyy827x8Pw2HnMkBOwm0YxmbUwqfDJNu/8JYxpY3DNkkaJmE8WA5GM45qlzDnu+g==
  dependencies:
    "@fluentui/react-icons" "^2.0.166-rc.3"
    "@fluentui/react-theme" "9.0.0-rc.9"
    "@fluentui/react-utilities" "9.0.0-rc.9"
    "@griffel/react" "1.0.5"
    tslib "^2.1.0"

"@fluentui/react-button@9.0.0-rc.11":
  version "9.0.0-rc.11"
  resolved "https://registry.yarnpkg.com/@fluentui/react-button/-/react-button-9.0.0-rc.11.tgz#ce3266ad82b46583bf80f95a37e95509d9bcca89"
  integrity sha512-ZG0MFr3rUD1kTeycKJRcmkpavJ5aKuP0Z9kP6L6x2dDGNNTM3/ZKOLX9Lq2H6a4QoftpFJSsMp8Iu57zG5b7Hg==
  dependencies:
    "@fluentui/keyboard-keys" "9.0.0-rc.6"
    "@fluentui/react-aria" "9.0.0-rc.9"
    "@fluentui/react-icons" "^2.0.166-rc.3"
    "@fluentui/react-tabster" "9.0.0-rc.11"
    "@fluentui/react-theme" "9.0.0-rc.9"
    "@fluentui/react-utilities" "9.0.0-rc.9"
    "@griffel/react" "1.0.5"
    tslib "^2.1.0"

"@fluentui/react-context-selector@9.0.0-rc.9":
  version "9.0.0-rc.9"
  resolved "https://registry.yarnpkg.com/@fluentui/react-context-selector/-/react-context-selector-9.0.0-rc.9.tgz#0febad7b3def7a81778d6f1b1a7c76479a6c3caf"
  integrity sha512-GivfRxUCUquN9doTV4TKVGDczf9WPCoAdQV1wmXGkeA2XQ7Nq7ZvD//G03v/VMHUau9CLlJovsNH1LVZUgeS0A==
  dependencies:
    "@fluentui/react-utilities" "9.0.0-rc.9"
    tslib "^2.1.0"

"@fluentui/react-icons@^2.0.166-rc.3":
  version "2.0.175"
  resolved "https://registry.yarnpkg.com/@fluentui/react-icons/-/react-icons-2.0.175.tgz#70f60989b5792c1770253beeb0a1f4dc9329e59d"
  integrity sha512-GQpG7aTHVh8Pesq8rJcgKoe8kb28T4OENgpg6ZKbNibVYAM/UKFLb+kzw/amj0kdKl5/OWV/og5kv0be+nnH+Q==
  dependencies:
    "@griffel/react" "^1.0.0"
    tslib "^2.1.0"

"@fluentui/react-popover@9.0.0-rc.11":
  version "9.0.0-rc.11"
  resolved "https://registry.yarnpkg.com/@fluentui/react-popover/-/react-popover-9.0.0-rc.11.tgz#09146e3850df506f39d3478a2bb5d846b6e78360"
  integrity sha512-cfCi5pyAAU1H4GzfTVebN3aOPn3Th7/gpSwCF+DQbOPc4OhqG783/7spx2+e5H3wGDLE4t8PS0S/rdRoC5siVQ==
  dependencies:
    "@fluentui/react-context-selector" "9.0.0-rc.9"
    "@fluentui/react-portal" "9.0.0-rc.11"
    "@fluentui/react-positioning" "9.0.0-rc.10"
    "@fluentui/react-shared-contexts" "9.0.0-rc.9"
    "@fluentui/react-tabster" "9.0.0-rc.11"
    "@fluentui/react-theme" "9.0.0-rc.9"
    "@fluentui/react-utilities" "9.0.0-rc.9"
    "@griffel/react" "1.0.5"
    tslib "^2.1.0"

"@fluentui/react-portal@9.0.0-rc.11":
  version "9.0.0-rc.11"
  resolved "https://registry.yarnpkg.com/@fluentui/react-portal/-/react-portal-9.0.0-rc.11.tgz#819abb1909ade51288dabf38ad5f68ddfe8e193a"
  integrity sha512-+nHy+gVp62SXPQCvZCkYE9+HGXav5+yQldCIaVku9KyRaK3IVmc1/KFvMx0NzxqffRCc5r6yEQV7kRZEoXPGRw==
  dependencies:
    "@fluentui/react-shared-contexts" "9.0.0-rc.9"
    "@fluentui/react-tabster" "9.0.0-rc.11"
    "@fluentui/react-utilities" "9.0.0-rc.9"
    tslib "^2.1.0"

"@fluentui/react-positioning@9.0.0-rc.10":
  version "9.0.0-rc.10"
  resolved "https://registry.yarnpkg.com/@fluentui/react-positioning/-/react-positioning-9.0.0-rc.10.tgz#3c5d81d16a8a1cfecc364ec5bd65e17931fd2c81"
  integrity sha512-jw+/2A2rCm36UZ6QgA8pyXFbVWnkutp2yuanw1I3pWVbtCv1/YYl5Bq37cW2k/HnpA0yg62iowBsOEYKf+kSxg==
  dependencies:
    "@fluentui/react-shared-contexts" "9.0.0-rc.9"
    "@fluentui/react-theme" "9.0.0-rc.9"
    "@fluentui/react-utilities" "9.0.0-rc.9"
    "@griffel/react" "1.0.5"
    "@popperjs/core" "~2.4.3"
    tslib "^2.1.0"

"@fluentui/react-shared-contexts@9.0.0-rc.9":
  version "9.0.0-rc.9"
  resolved "https://registry.yarnpkg.com/@fluentui/react-shared-contexts/-/react-shared-contexts-9.0.0-rc.9.tgz#f18c2a21dccda17cfe4c16f2a184b6ace9dabec7"
  integrity sha512-ECEeJ/7bWnqKdfDdJTBrhxaVSHcNF1sSsKq9SgoKc3ZBY7NbIWutvC8Qar0hNpV+7SQdikq+WmBq8CLRATUwJg==
  dependencies:
    "@fluentui/react-theme" "9.0.0-rc.9"
    tslib "^2.1.0"

"@fluentui/react-tabster@9.0.0-rc.11":
  version "9.0.0-rc.11"
  resolved "https://registry.yarnpkg.com/@fluentui/react-tabster/-/react-tabster-9.0.0-rc.11.tgz#41ad1c3d7d31b4ce88338ca0147e48e76f245416"
  integrity sha512-sGfrN9bAJUsY2qCiAhYjvdJS2HioJOBfvOy+33vnhr6unM98KaTgFjT68N9VWnJKD5JJGH36yHNbjn4u2QFDxw==
  dependencies:
    "@fluentui/react-shared-contexts" "9.0.0-rc.9"
    "@fluentui/react-theme" "9.0.0-rc.9"
    "@fluentui/react-utilities" "9.0.0-rc.9"
    "@griffel/react" "1.0.5"
    keyborg "^1.1.0"
    tabster "^1.4.0"
    tslib "^2.1.0"

"@fluentui/react-theme@9.0.0-rc.9":
  version "9.0.0-rc.9"
  resolved "https://registry.yarnpkg.com/@fluentui/react-theme/-/react-theme-9.0.0-rc.9.tgz#037d5016f6469ed780bca027470463aa76f9dd7c"
  integrity sha512-Q7W7oqzB4FtldkALUXFx9lyN8e5mPWIKIqDr2NNtzbKTw+n2mcrA7ipcfUPO+9JsFTZPYMASdmHmwDoVdyCRLg==
  dependencies:
    tslib "^2.1.0"

"@fluentui/react-tooltip@9.0.0-rc.11":
  version "9.0.0-rc.11"
  resolved "https://registry.yarnpkg.com/@fluentui/react-tooltip/-/react-tooltip-9.0.0-rc.11.tgz#047f1f288564eeaaec51b0d4cfaa0e3574e2b7ff"
  integrity sha512-e59sf2iICmwzXHqAI1dV7AgGrmmjQI2Q1QDPuMJzI7JexFMRG8XA3fwwmeY0ukXlugZ9mpWPVCuekL/PDuS0cg==
  dependencies:
    "@fluentui/react-portal" "9.0.0-rc.11"
    "@fluentui/react-positioning" "9.0.0-rc.10"
    "@fluentui/react-shared-contexts" "9.0.0-rc.9"
    "@fluentui/react-theme" "9.0.0-rc.9"
    "@fluentui/react-utilities" "9.0.0-rc.9"
    "@griffel/react" "1.0.5"
    tslib "^2.1.0"

"@fluentui/react-utilities@9.0.0-rc.9":
  version "9.0.0-rc.9"
  resolved "https://registry.yarnpkg.com/@fluentui/react-utilities/-/react-utilities-9.0.0-rc.9.tgz#5c6051387160365c1bbaf8a0b75be551c37f5929"
  integrity sha512-vFUVs9mXCIX1679JGxuk351H9DMi8djeTYXG8juXtoXAYmzLKoah6ihV/rfCVwrt9v3x1T8WYsTB+nX8dtBWmQ==
  dependencies:
    "@fluentui/keyboard-keys" "9.0.0-rc.6"
    tslib "^2.1.0"

"@griffel/core@^1.3.1", "@griffel/core@^1.4.1":
  version "1.4.1"
  resolved "https://registry.yarnpkg.com/@griffel/core/-/core-1.4.1.tgz#5ae960efd71897bfdb748ec4551da99d1eb8652c"
  integrity sha512-PSVZiRJYIvKCt5V5PqkMuOEGyvq/L/lSArEmVVz9h8jkX0Zf7SRpjCDluHd43mRQZ6wFzYeK4aKa6DwIxomZIA==
  dependencies:
    "@emotion/hash" "^0.8.0"
    csstype "^3.0.10"
    rtl-css-js "^1.15.0"
    stylis "^4.0.13"
    tslib "^2.1.0"

"@griffel/react@1.0.5":
  version "1.0.5"
  resolved "https://registry.yarnpkg.com/@griffel/react/-/react-1.0.5.tgz#f7541b2084357d3995fe434fc0a447e6007fe37c"
  integrity sha512-hAHeuU2OU5zvK+BfOEhXjelkcyMxJXYyV2jfi4eikMHOW6p5Vl3f3GlGOi+5RsZ6uFddB+MmQpr7laSLXkixIQ==
  dependencies:
    "@griffel/core" "^1.3.1"
    tslib "^2.1.0"

"@griffel/react@^1.0.0":
  version "1.2.1"
  resolved "https://registry.yarnpkg.com/@griffel/react/-/react-1.2.1.tgz#8150d6582dafad14815a3d7831839d98bf30c85e"
  integrity sha512-A5fFXl9GvwEETCrT2hapTaoRAmY8JzZXpO6WnfCPHat6R74GP9i3PyJft6OT+XGEi+/vW/Owyp2IpX+PKiY7CQ==
  dependencies:
    "@griffel/core" "^1.4.1"
    tslib "^2.1.0"

"@popperjs/core@~2.4.3":
  version "2.4.4"
  resolved "https://registry.yarnpkg.com/@popperjs/core/-/core-2.4.4.tgz#11d5db19bd178936ec89cd84519c4de439574398"
  integrity sha512-1oO6+dN5kdIA3sKPZhRGJTfGVP4SWV6KqlMOwry4J3HfyD68sl/3KmG7DeYUzvN+RbhXDnv/D8vNNB8168tAMg==

"@types/prop-types@*":
  version "15.7.5"
  resolved "https://registry.yarnpkg.com/@types/prop-types/-/prop-types-15.7.5.tgz#5f19d2b85a98e9558036f6a3cacc8819420f05cf"
  integrity sha512-JCB8C6SnDoQf0cNycqd/35A7MjcnK+ZTqE7judS6o7utxUCg6imJg3QK2qzHKszlTjcj2cn+NwMB2i96ubpj7w==

"@types/react-dom@^17":
  version "17.0.17"
  resolved "https://registry.yarnpkg.com/@types/react-dom/-/react-dom-17.0.17.tgz#2e3743277a793a96a99f1bf87614598289da68a1"
  integrity sha512-VjnqEmqGnasQKV0CWLevqMTXBYG9GbwuE6x3VetERLh0cq2LTptFE73MrQi2S7GkKXCf2GgwItB/melLnxfnsg==
  dependencies:
    "@types/react" "^17"

"@types/react@^17":
  version "17.0.47"
  resolved "https://registry.yarnpkg.com/@types/react/-/react-17.0.47.tgz#4ee71aaf4c5a9e290e03aa4d0d313c5d666b3b78"
  integrity sha512-mk0BL8zBinf2ozNr3qPnlu1oyVTYq+4V7WA76RgxUAtf0Em/Wbid38KN6n4abEkvO4xMTBWmnP1FtQzgkEiJoA==
  dependencies:
    "@types/prop-types" "*"
    "@types/scheduler" "*"
    csstype "^3.0.2"

"@types/scheduler@*":
  version "0.16.2"
  resolved "https://registry.yarnpkg.com/@types/scheduler/-/scheduler-0.16.2.tgz#1a62f89525723dde24ba1b01b092bf5df8ad4d39"
  integrity sha512-hppQEBDmlwhFAXKJX2KnWLYu5yMfi91yazPb2l+lbJiwW+wdo1gNeRA+3RgNSO39WYX2euey41KEwnqesU2Jew==

csstype@^3.0.10, csstype@^3.0.2:
  version "3.1.0"
  resolved "https://registry.yarnpkg.com/csstype/-/csstype-3.1.0.tgz#4ddcac3718d787cf9df0d1b7d15033925c8f29f2"
  integrity sha512-uX1KG+x9h5hIJsaKR9xHUeUraxf8IODOwq9JLNPq6BwB04a/xgpq3rcx47l5BZu5zBPlgD342tdke3Hom/nJRA==

"js-tokens@^3.0.0 || ^4.0.0":
  version "4.0.0"
  resolved "https://registry.yarnpkg.com/js-tokens/-/js-tokens-4.0.0.tgz#19203fb59991df98e3a287050d4647cdeaf32499"
  integrity sha512-RdJUflcE3cUzKiMqQgsCu06FPu9UdIJO0beYbPhHN4k6apgJtifcoCtT9bcxOpYBtpD2kCM6Sbzg4CausW/PKQ==

keyborg@^1.1.0:
  version "1.2.0"
  resolved "https://registry.yarnpkg.com/keyborg/-/keyborg-1.2.0.tgz#74d7153635609f5392a3d7b3e19d82ba97697791"
  integrity sha512-HKxdfFW+CaMrzfAzQ0nr6Bz1IZkqwQ8ok0faAF+7wOeOvf4SVPj1pGzp7AAdAbsp/9mCeUJJOLAI/dvbHRtGBg==

loose-envify@^1.1.0:
  version "1.4.0"
  resolved "https://registry.yarnpkg.com/loose-envify/-/loose-envify-1.4.0.tgz#71ee51fa7be4caec1a63839f7e682d8132d30caf"
  integrity sha512-lyuxPGr/Wfhrlem2CL/UcnUc1zcqKAImBDzukY7Y5F/yQiNdko6+fRLevlw1HgMySw7f611UIY408EtxRSoK3Q==
  dependencies:
    js-tokens "^3.0.0 || ^4.0.0"

object-assign@^4.1.1:
  version "4.1.1"
  resolved "https://registry.yarnpkg.com/object-assign/-/object-assign-4.1.1.tgz#2109adc7965887cfc05cbbd442cac8bfbb360863"
  integrity sha512-rJgTQnkUnH1sFw8yT6VSU3zD3sWmu6sZhIseY8VX+GRu3P6F7Fu+JNDoXfklElbLJSnc3FUQHVe4cU5hj+BcUg==

react-dom@^17:
  version "17.0.2"
  resolved "https://registry.yarnpkg.com/react-dom/-/react-dom-17.0.2.tgz#ecffb6845e3ad8dbfcdc498f0d0a939736502c23"
  integrity sha512-s4h96KtLDUQlsENhMn1ar8t2bEa+q/YAtj8pPPdIjPDGBDIVNsrD9aXNWqspUe6AzKCIG0C1HZZLqLV7qpOBGA==
  dependencies:
    loose-envify "^1.1.0"
    object-assign "^4.1.1"
    scheduler "^0.20.2"

react@^17:
  version "17.0.2"
  resolved "https://registry.yarnpkg.com/react/-/react-17.0.2.tgz#d0b5cc516d29eb3eee383f75b62864cfb6800037"
  integrity sha512-gnhPt75i/dq/z3/6q/0asP78D0u592D5L1pd7M8P+dck6Fu/jJeL6iVVK23fptSUZj8Vjf++7wXA8UNclGQcbA==
  dependencies:
    loose-envify "^1.1.0"
    object-assign "^4.1.1"

regenerator-runtime@^0.13.4:
  version "0.13.9"
  resolved "https://registry.yarnpkg.com/regenerator-runtime/-/regenerator-runtime-0.13.9.tgz#8925742a98ffd90814988d7566ad30ca3b263b52"
  integrity sha512-p3VT+cOEgxFsRRA9X4lkI1E+k2/CtnKtU4gcxyaCUreilL/vqI6CdZ3wxVUx3UOUg+gnUOQQcRI7BmSI656MYA==

rtl-css-js@^1.15.0:
  version "1.15.0"
  resolved "https://registry.yarnpkg.com/rtl-css-js/-/rtl-css-js-1.15.0.tgz#680ed816e570a9ebccba9e1cd0f202c6a8bb2dc0"
  integrity sha512-99Cu4wNNIhrI10xxUaABHsdDqzalrSRTie4GeCmbGVuehm4oj+fIy8fTzB+16pmKe8Bv9rl+hxIBez6KxExTew==
  dependencies:
    "@babel/runtime" "^7.1.2"

scheduler@^0.20.2:
  version "0.20.2"
  resolved "https://registry.yarnpkg.com/scheduler/-/scheduler-0.20.2.tgz#4baee39436e34aa93b4874bddcbf0fe8b8b50e91"
  integrity sha512-2eWfGgAqqWFGqtdMmcL5zCMK1U8KlXv8SQFGglL3CEtd0aDVDWgeF/YoCmvln55m5zSk3J/20hTaSBeSObsQDQ==
  dependencies:
    loose-envify "^1.1.0"
    object-assign "^4.1.1"

scheduler@^0.23.0:
  version "0.23.0"
  resolved "https://registry.yarnpkg.com/scheduler/-/scheduler-0.23.0.tgz#ba8041afc3d30eb206a487b6b384002e4e61fdfe"
  integrity sha512-CtuThmgHNg7zIZWAXi3AsyIzA3n4xx7aNyjwC2VJldO2LMVDhFK+63xGqq6CsJH4rTAt6/M+N4GhZiDYPx9eUw==
  dependencies:
    loose-envify "^1.1.0"

stylis@^4.0.13:
  version "4.1.1"
  resolved "https://registry.yarnpkg.com/stylis/-/stylis-4.1.1.tgz#e46c6a9bbf7c58db1e65bb730be157311ae1fe12"
  integrity sha512-lVrM/bNdhVX2OgBFNa2YJ9Lxj7kPzylieHd3TNjuGE0Re9JB7joL5VUKOVH1kdNNJTgGPpT8hmwIAPLaSyEVFQ==

tabster@^1.4.0:
  version "1.5.4"
  resolved "https://registry.yarnpkg.com/tabster/-/tabster-1.5.4.tgz#e63b24ca67afa90fa4c94082c549a2fadae680c3"
  integrity sha512-3WZYLUHLon0rdbwqVQJ2x9QAr5FLegYBEQr+r5M54oZ/NJ5DuUsjjn5c9A9/XbTvfWqkQ5K9KABrbOgG6XLxkQ==
  dependencies:
    keyborg "^1.1.0"
    tslib "^2.3.1"

tslib@^2.1.0, tslib@^2.3.1:
  version "2.4.0"
  resolved "https://registry.yarnpkg.com/tslib/-/tslib-2.4.0.tgz#7cecaa7f073ce680a05847aa77be941098f36dc3"
  integrity sha512-d6xOpEDfsi2CZVlPQzGeux8XMwLT9hssAsaPYExaQMuYskwb+x1x7J371tWlbBdWHroy99KnVB6qIkUbs5X3UQ==
